
Microsoft Visual Studio Solution File, Format Version 12.00
# Visual Studio Version 17
VisualStudioVersion = 17.7.34024.191
MinimumVisualStudioVersion = 10.0.40219.1
Project("{FAE04EC0-301F-11D3-BF4B-00C04F79EFBC}") = "DZ4", "DZ4\DZ4.csproj", "{0AC01A7E-19ED-4937-81EE-D7BA5CC6901D}"
EndProject
Project("{FAE04EC0-301F-11D3-BF4B-00C04F79EFBC}") = "Tumakov_Lab5", "Tumakov_Lab5\Tumakov_Lab5.csproj", "{2CDF4405-4654-4E51-966C-63A1D56C8FD2}"
EndProject
Global
	GlobalSection(SolutionConfigurationPlatforms) = preSolution
		Debug|Any CPU = Debug|Any CPU
		Release|Any CPU = Release|Any CPU
	EndGlobalSection
	GlobalSection(ProjectConfigurationPlatforms) = postSolution
		{0AC01A7E-19ED-4937-81EE-D7BA5CC6901D}.Debug|Any CPU.ActiveCfg = Debug|Any CPU
		{0AC01A7E-19ED-4937-81EE-D7BA5CC6901D}.Debug|Any CPU.Build.0 = Debug|Any CPU
		{0AC01A7E-19ED-4937-81EE-D7BA5CC6901D}.Release|Any CPU.ActiveCfg = Release|Any CPU
		{0AC01A7E-19ED-4937-81EE-D7BA5CC6901D}.Release|Any CPU.Build.0 = Release|Any CPU
		{2CDF4405-4654-4E51-966C-63A1D56C8FD2}.Debug|Any CPU.ActiveCfg = Debug|Any CPU
		{2CDF4405-4654-4E51-966C-63A1D56C8FD2}.Debug|Any CPU.Build.0 = Debug|Any CPU
		{2CDF4405-4654-4E51-966C-63A1D56C8FD2}.Release|Any CPU.ActiveCfg = Release|Any CPU
		{2CDF4405-4654-4E51-966C-63A1D56C8FD2}.Release|Any CPU.Build.0 = Release|Any CPU
	EndGlobalSection
	GlobalSection(SolutionProperties) = preSolution
		HideSolutionNode = FALSE
	EndGlobalSection
	GlobalSection(ExtensibilityGlobals) = postSolution
		SolutionGuid = {F4EB06CA-22B2-4BF9-9B7D-783351CB0A6F}
	EndGlobalSection
EndGlobal
